
Microsoft Visual Studio Solution File, Format Version 12.00
# Visual Studio Version 17
VisualStudioVersion = 17.5.33627.172
MinimumVisualStudioVersion = 10.0.40219.1
Project("{FAE04EC0-301F-11D3-BF4B-00C04F79EFBC}") = "StokKayit-W12", "StokKayit-W12\StokKayit-W12.csproj", "{29F7F475-FC99-4B38-A968-72CEF7F5621D}"
EndProject
Global
	GlobalSection(SolutionConfigurationPlatforms) = preSolution
		Debug|Any CPU = Debug|Any CPU
		Release|Any CPU = Release|Any CPU
	EndGlobalSection
	GlobalSection(ProjectConfigurationPlatforms) = postSolution
		{29F7F475-FC99-4B38-A968-72CEF7F5621D}.Debug|Any CPU.ActiveCfg = Debug|Any CPU
		{29F7F475-FC99-4B38-A968-72CEF7F5621D}.Debug|Any CPU.Build.0 = Debug|Any CPU
		{29F7F475-FC99-4B38-A968-72CEF7F5621D}.Release|Any CPU.ActiveCfg = Release|Any CPU
		{29F7F475-FC99-4B38-A968-72CEF7F5621D}.Release|Any CPU.Build.0 = Release|Any CPU
	EndGlobalSection
	GlobalSection(SolutionProperties) = preSolution
		HideSolutionNode = FALSE
	EndGlobalSection
	GlobalSection(ExtensibilityGlobals) = postSolution
		SolutionGuid = {79DB88E5-C884-4860-964F-44A1DAF8A988}
	EndGlobalSection
EndGlobal
